PODS:
  - Art3m1sCore (0.2.2)
  - Flutter (1.0.0)
  - media_kit_libs_ios_video (1.0.4):
    - Flutter
  - media_kit_video (0.0.1):
    - Flutter
  - MetalANGLE (0.1.0)
  - PfsUpk (0.1.0)

DEPENDENCIES:
  - Art3m1sCore (from `Frameworks`)
  - Flutter (from `Flutter`)
  - media_kit_libs_ios_video (from `.symlinks/plugins/media_kit_libs_ios_video/ios`)
  - media_kit_video (from `.symlinks/plugins/media_kit_video/ios`)
  - MetalANGLE (from `Frameworks`)
  - PfsUpk (from `Frameworks`)

EXTERNAL SOURCES:
  Art3m1sCore:
    :path: Frameworks
  Flutter:
    :path: Flutter
  media_kit_libs_ios_video:
    :path: ".symlinks/plugins/media_kit_libs_ios_video/ios"
  media_kit_video:
    :path: ".symlinks/plugins/media_kit_video/ios"
  MetalANGLE:
    :path: Frameworks
  PfsUpk:
    :path: Frameworks

SPEC CHECKSUMS:
  Art3m1sCore: 54042d4c3752c90e03019ae1a79c34a20dde7abe
  Flutter: cabc95a1d2626b1b06e7179b784ebcf0c0cde467
  media_kit_libs_ios_video: 5a18affdb97d1f5d466dc79988b13eff6c5e2854
  media_kit_video: 1746e198cb697d1ffb734b1d05ec429d1fcd1474
  MetalANGLE: 658a7f5c52dd791ef96a92b81e938d293a8b6a04
  PfsUpk: 843b8623843af708890cc87ce3ea940379947057

PODFILE CHECKSUM: 62b458ba42d208bbcb5998cbccb1e8fc08afe022

COCOAPODS: 1.16.2
